
Microsoft Visual Studio Solution File, Format Version 12.00
# Visual Studio Version 17
VisualStudioVersion = 17.9.34728.123
MinimumVisualStudioVersion = 10.0.40219.1
Project("{FAE04EC0-301F-11D3-BF4B-00C04F79EFBC}") = "VjezbaGithub", "VjezbaGithub.csproj", "{A2AA8091-CB71-42A4-80D1-4B17E04B88E7}"
EndProject
Global
	GlobalSection(SolutionConfigurationPlatforms) = preSolution
		Debug|Any CPU = Debug|Any CPU
		Release|Any CPU = Release|Any CPU
	EndGlobalSection
	GlobalSection(ProjectConfigurationPlatforms) = postSolution
		{A2AA8091-CB71-42A4-80D1-4B17E04B88E7}.Debug|Any CPU.ActiveCfg = Debug|Any CPU
		{A2AA8091-CB71-42A4-80D1-4B17E04B88E7}.Debug|Any CPU.Build.0 = Debug|Any CPU
		{A2AA8091-CB71-42A4-80D1-4B17E04B88E7}.Release|Any CPU.ActiveCfg = Release|Any CPU
		{A2AA8091-CB71-42A4-80D1-4B17E04B88E7}.Release|Any CPU.Build.0 = Release|Any CPU
	EndGlobalSection
	GlobalSection(SolutionProperties) = preSolution
		HideSolutionNode = FALSE
	EndGlobalSection
	GlobalSection(ExtensibilityGlobals) = postSolution
		SolutionGuid = {033B6399-EEC1-41D6-BCE2-F1C2FE7B7220}
	EndGlobalSection
EndGlobal
